// !$*UTF8*$!
{
	archiveVersion = 1;
	classes = {
	};
	objectVersion = 50;
	objects = {

/* Begin PBXBuildFile section */
		A2DF4FD3266930C900E4412A /* AppDelegate.swift in Sources */ = {isa = PBXBuildFile; fileRef = A2DF4FD2266930C900E4412A /* AppDelegate.swift */; };
		A2DF4FD5266930C900E4412A /* SceneDelegate.swift in Sources */ = {isa = PBXBuildFile; fileRef = A2DF4FD4266930C900E4412A /* SceneDelegate.swift */; };
		A2DF4FD7266930C900E4412A /* ViewController.swift in Sources */ = {isa = PBXBuildFile; fileRef = A2DF4FD6266930C900E4412A /* ViewController.swift */; };
		A2DF4FDA266930C900E4412A /* Main.storyboard in Resources */ = {isa = PBXBuildFile; fileRef = A2DF4FD8266930C900E4412A /* Main.storyboard */; };
		A2DF4FDC266930C900E4412A /* Assets.xcassets in Resources */ = {isa = PBXBuildFile; fileRef = A2DF4FDB266930C900E4412A /* Assets.xcassets */; };
		A2DF4FDF266930C900E4412A /* LaunchScreen.storyboard in Resources */ = {isa = PBXBuildFile; fileRef = A2DF4FDD266930C900E4412A /* LaunchScreen.storyboard */; };
		A2DF4FEA266930CA00E4412A /* TelegramCloneTests.swift in Sources */ = {isa = PBXBuildFile; fileRef = A2DF4FE9266930CA00E4412A /* TelegramCloneTests.swift */; };
		A2DF4FF5266930CA00E4412A /* TelegramCloneUITests.swift in Sources */ = {isa = PBXBuildFile; fileRef = A2DF4FF4266930CA00E4412A /* TelegramCloneUITests.swift */; };
/* End PBXBuildFile section */

/* Begin PBXContainerItemProxy section */
		A2DF4FE6266930CA00E4412A /* PBXContainerItemProxy */ = {
			isa = PBXContainerItemProxy;
			containerPortal = A2DF4FC7266930C900E4412A /* Project object */;
			proxyType = 1;
			remoteGlobalIDString = A2DF4FCE266930C900E4412A;
			remoteInfo = TelegramClone;
		};
		A2DF4FF1266930CA00E4412A /* PBXContainerItemProxy */ = {
			isa = PBXContainerItemProxy;
			containerPortal = A2DF4FC7266930C900E4412A /* Project object */;
			proxyType = 1;
			remoteGlobalIDString = A2DF4FCE266930C900E4412A;
			remoteInfo = TelegramClone;
		};
/* End PBXContainerItemProxy section */

/* Begin PBXFileReference section */
		A2DF4FCF266930C900E4412A /* TelegramClone.app */ = {isa = PBXFileReference; explicitFileType = wrapper.application; includeInIndex = 0; path = TelegramClone.app; sourceTree = BUILT_PRODUCTS_DIR; };
		A2DF4FD2266930C900E4412A /* AppDelegate.swift */ = {isa = PBXFileReference; lastKnownFileType = sourcecode.swift; path = AppDelegate.swift; sourceTree = "<group>"; };
		A2DF4FD4266930C900E4412A /* SceneDelegate.swift */ = {isa = PBXFileReference; lastKnownFileType = sourcecode.swift; path = SceneDelegate.swift; sourceTree = "<group>"; };
		A2DF4FD6266930C900E4412A /* ViewController.swift */ = {isa = PBXFileReference; lastKnownFileType = sourcecode.swift; path = ViewController.swift; sourceTree = "<group>"; };
		A2DF4FD9266930C900E4412A /* Base */ = {isa = PBXFileReference; lastKnownFileType = file.storyboard; name = Base; path = Base.lproj/Main.storyboard; sourceTree = "<group>"; };
		A2DF4FDB266930C900E4412A /* Assets.xcassets */ = {isa = PBXFileReference; lastKnownFileType = folder.assetcatalog; path = Assets.xcassets; sourceTree = "<group>"; };
		A2DF4FDE266930C900E4412A /* Base */ = {isa = PBXFileReference; lastKnownFileType = file.storyboard; name = Base; path = Base.lproj/LaunchScreen.storyboard; sourceTree = "<group>"; };
		A2DF4FE0266930C900E4412A /* Info.plist */ = {isa = PBXFileReference; lastKnownFileType = text.plist.xml; path = Info.plist; sourceTree = "<group>"; };
		A2DF4FE5266930CA00E4412A /* TelegramCloneTests.xctest */ = {isa = PBXFileReference; explicitFileType = wrapper.cfbundle; includeInIndex = 0; path = TelegramCloneTests.xctest; sourceTree = BUILT_PRODUCTS_DIR; };
		A2DF4FE9266930CA00E4412A /* TelegramCloneTests.swift */ = {isa = PBXFileReference; lastKnownFileType = sourcecode.swift; path = TelegramCloneTests.swift; sourceTree = "<group>"; };
		A2DF4FEB266930CA00E4412A /* Info.plist */ = {isa = PBXFileReference; lastKnownFileType = text.plist.xml; path = Info.plist; sourceTree = "<group>"; };
		A2DF4FF0266930CA00E4412A /* TelegramCloneUITests.xctest */ = {isa = PBXFileReference; explicitFileType = wrapper.cfbundle; includeInIndex = 0; path = TelegramCloneUITests.xctest; sourceTree = BUILT_PRODUCTS_DIR; };
		A2DF4FF4266930CA00E4412A /* TelegramCloneUITests.swift */ = {isa = PBXFileReference; lastKnownFileType = sourcecode.swift; path = TelegramCloneUITests.swift; sourceTree = "<group>"; };
		A2DF4FF6266930CA00E4412A /* Info.plist */ = {isa = PBXFileReference; lastKnownFileType = text.plist.xml; path = Info.plist; sourceTree = "<group>"; };
/* End PBXFileReference section */

/* Begin PBXFrameworksBuildPhase section */
		A2DF4FCC266930C900E4412A /* Frameworks */ = {
			isa = PBXFrameworksBuildPhase;
			buildActionMask = 2147483647;
			files = (
			);
			runOnlyForDeploymentPostprocessing = 0;
		};
		A2DF4FE2266930CA00E4412A /* Frameworks */ = {
			isa = PBXFrameworksBuildPhase;
			buildActionMask = 2147483647;
			files = (
			);
			runOnlyForDeploymentPostprocessing = 0;
		};
		A2DF4FED266930CA00E4412A /* Frameworks */ = {
			isa = PBXFrameworksBuildPhase;
			buildActionMask = 2147483647;
			files = (
			);
			runOnlyForDeploymentPostprocessing = 0;
		};
/* End PBXFrameworksBuildPhase section */

/* Begin PBXGroup section */
		A2DF4FC6266930C900E4412A = {
			isa = PBXGroup;
			children = (
				A2DF4FD1266930C900E4412A /* TelegramClone */,
				A2DF4FE8266930CA00E4412A /* TelegramCloneTests */,
				A2DF4FF3266930CA00E4412A /* TelegramCloneUITests */,
				A2DF4FD0266930C900E4412A /* Products */,
			);
			sourceTree = "<group>";
		};
		A2DF4FD0266930C900E4412A /* Products */ = {
			isa = PBXGroup;
			children = (
				A2DF4FCF266930C900E4412A /* TelegramClone.app */,
				A2DF4FE5266930CA00E4412A /* TelegramCloneTests.xctest */,
				A2DF4FF0266930CA00E4412A /* TelegramCloneUITests.xctest */,
			);
			name = Products;
			sourceTree = "<group>";
		};
		A2DF4FD1266930C900E4412A /* TelegramClone */ = {
			isa = PBXGroup;
			children = (
				A2DF4FD2266930C900E4412A /* AppDelegate.swift */,
				A2DF4FD4266930C900E4412A /* SceneDelegate.swift */,
				A2DF4FD6266930C900E4412A /* ViewController.swift */,
				A2DF4FD8266930C900E4412A /* Main.storyboard */,
				A2DF4FDB266930C900E4412A /* Assets.xcassets */,
				A2DF4FDD266930C900E4412A /* LaunchScreen.storyboard */,
				A2DF4FE0266930C900E4412A /* Info.plist */,
			);
			path = TelegramClone;
			sourceTree = "<group>";
		};
		A2DF4FE8266930CA00E4412A /* TelegramCloneTests */ = {
			isa = PBXGroup;
			children = (
				A2DF4FE9266930CA00E4412A /* TelegramCloneTests.swift */,
				A2DF4FEB266930CA00E4412A /* Info.plist */,
			);
			path = TelegramCloneTests;
			sourceTree = "<group>";
		};
		A2DF4FF3266930CA00E4412A /* TelegramCloneUITests */ = {
			isa = PBXGroup;
			children = (
				A2DF4FF4266930CA00E4412A /* TelegramCloneUITests.swift */,
				A2DF4FF6266930CA00E4412A /* Info.plist */,
			);
			path = TelegramCloneUITests;
			sourceTree = "<group>";
		};
/* End PBXGroup section */

/* Begin PBXNativeTarget section */
		A2DF4FCE266930C900E4412A /* TelegramClone */ = {
			isa = PBXNativeTarget;
			buildConfigurationList = A2DF4FF9266930CA00E4412A /* Build configuration list for PBXNativeTarget "TelegramClone" */;
			buildPhases = (
				A2DF4FCB266930C900E4412A /* Sources */,
				A2DF4FCC266930C900E4412A /* Frameworks */,
				A2DF4FCD266930C900E4412A /* Resources */,
			);
			buildRules = (
			);
			dependencies = (
			);
			name = TelegramClone;
			productName = TelegramClone;
			productReference = A2DF4FCF266930C900E4412A /* TelegramClone.app */;
			productType = "com.apple.product-type.application";
		};
		A2DF4FE4266930CA00E4412A /* TelegramCloneTests */ = {
			isa = PBXNativeTarget;
			buildConfigurationList = A2DF4FFC266930CA00E4412A /* Build configuration list for PBXNativeTarget "TelegramCloneTests" */;
			buildPhases = (
				A2DF4FE1266930CA00E4412A /* Sources */,
				A2DF4FE2266930CA00E4412A /* Frameworks */,
				A2DF4FE3266930CA00E4412A /* Resources */,
			);
			buildRules = (
			);
			dependencies = (
				A2DF4FE7266930CA00E4412A /* PBXTargetDependency */,
			);
			name = TelegramCloneTests;
			productName = TelegramCloneTests;
			productReference = A2DF4FE5266930CA00E4412A /* TelegramCloneTests.xctest */;
			productType = "com.apple.product-type.bundle.unit-test";
		};
		A2DF4FEF266930CA00E4412A /* TelegramCloneUITests */ = {
			isa = PBXNativeTarget;
			buildConfigurationList = A2DF4FFF266930CA00E4412A /* Build configuration list for PBXNativeTarget "TelegramCloneUITests" */;
			buildPhases = (
				A2DF4FEC266930CA00E4412A /* Sources */,
				A2DF4FED266930CA00E4412A /* Frameworks */,
				A2DF4FEE266930CA00E4412A /* Resources */,
			);
			buildRules = (
			);
			dependencies = (
				A2DF4FF2266930CA00E4412A /* PBXTargetDependency */,
			);
			name = TelegramCloneUITests;
			productName = TelegramCloneUITests;
			productReference = A2DF4FF0266930CA00E4412A /* TelegramCloneUITests.xctest */;
			productType = "com.apple.product-type.bundle.ui-testing";
		};
/* End PBXNativeTarget section */

/* Begin PBXProject section */
		A2DF4FC7266930C900E4412A /* Project object */ = {
			isa = PBXProject;
			attributes = {
				LastSwiftUpdateCheck = 1250;
				LastUpgradeCheck = 1250;
				TargetAttributes = {
					A2DF4FCE266930C900E4412A = {
						CreatedOnToolsVersion = 12.5;
					};
					A2DF4FE4266930CA00E4412A = {
						CreatedOnToolsVersion = 12.5;
						TestTargetID = A2DF4FCE266930C900E4412A;
					};
					A2DF4FEF266930CA00E4412A = {
						CreatedOnToolsVersion = 12.5;
						TestTargetID = A2DF4FCE266930C900E4412A;
					};
				};
			};
			buildConfigurationList = A2DF4FCA266930C900E4412A /* Build configuration list for PBXProject "TelegramClone" */;
			compatibilityVersion = "Xcode 9.3";
			developmentRegion = en;
			hasScannedForEncodings = 0;
			knownRegions = (
				en,
				Base,
			);
			mainGroup = A2DF4FC6266930C900E4412A;
			productRefGroup = A2DF4FD0266930C900E4412A /* Products */;
			projectDirPath = "";
			projectRoot = "";
			targets = (
				A2DF4FCE266930C900E4412A /* TelegramClone */,
				A2DF4FE4266930CA00E4412A /* TelegramCloneTests */,
				A2DF4FEF266930CA00E4412A /* TelegramCloneUITests */,
			);
		};
/* End PBXProject section */

/* Begin PBXResourcesBuildPhase section */
		A2DF4FCD266930C900E4412A /* Resources */ = {
			isa = PBXResourcesBuildPhase;
			buildActionMask = 2147483647;
			files = (
				A2DF4FDF266930C900E4412A /* LaunchScreen.storyboard in Resources */,
				A2DF4FDC266930C900E4412A /* Assets.xcassets in Resources */,
				A2DF4FDA266930C900E4412A /* Main.storyboard in Resources */,
			);
			runOnlyForDeploymentPostprocessing = 0;
		};
		A2DF4FE3266930CA00E4412A /* Resources */ = {
			isa = PBXResourcesBuildPhase;
			buildActionMask = 2147483647;
			files = (
			);
			runOnlyForDeploymentPostprocessing = 0;
		};
		A2DF4FEE266930CA00E4412A /* Resources */ = {
			isa = PBXResourcesBuildPhase;
			buildActionMask = 2147483647;
			files = (
			);
			runOnlyForDeploymentPostprocessing = 0;
		};
/* End PBXResourcesBuildPhase section */

/* Begin PBXSourcesBuildPhase section */
		A2DF4FCB266930C900E4412A /* Sources */ = {
			isa = PBXSourcesBuildPhase;
			buildActionMask = 2147483647;
			files = (
				A2DF4FD7266930C900E4412A /* ViewController.swift in Sources */,
				A2DF4FD3266930C900E4412A /* AppDelegate.swift in Sources */,
				A2DF4FD5266930C900E4412A /* SceneDelegate.swift in Sources */,
			);
			runOnlyForDeploymentPostprocessing = 0;
		};
		A2DF4FE1266930CA00E4412A /* Sources */ = {
			isa = PBXSourcesBuildPhase;
			buildActionMask = 2147483647;
			files = (
				A2DF4FEA266930CA00E4412A /* TelegramCloneTests.swift in Sources */,
			);
			runOnlyForDeploymentPostprocessing = 0;
		};
		A2DF4FEC266930CA00E4412A /* Sources */ = {
			isa = PBXSourcesBuildPhase;
			buildActionMask = 2147483647;
			files = (
				A2DF4FF5266930CA00E4412A /* TelegramCloneUITests.swift in Sources */,
			);
			runOnlyForDeploymentPostprocessing = 0;
		};
/* End PBXSourcesBuildPhase section */

/* Begin PBXTargetDependency section */
		A2DF4FE7266930CA00E4412A /* PBXTargetDependency */ = {
			isa = PBXTargetDependency;
			target = A2DF4FCE266930C900E4412A /* TelegramClone */;
			targetProxy = A2DF4FE6266930CA00E4412A /* PBXContainerItemProxy */;
		};
		A2DF4FF2266930CA00E4412A /* PBXTargetDependency */ = {
			isa = PBXTargetDependency;
			target = A2DF4FCE266930C900E4412A /* TelegramClone */;
			targetProxy = A2DF4FF1266930CA00E4412A /* PBXContainerItemProxy */;
		};
/* End PBXTargetDependency section */

/* Begin PBXVariantGroup section */
		A2DF4FD8266930C900E4412A /* Main.storyboard */ = {
			isa = PBXVariantGroup;
			children = (
				A2DF4FD9266930C900E4412A /* Base */,
			);
			name = Main.storyboard;
			sourceTree = "<group>";
		};
		A2DF4FDD266930C900E4412A /* LaunchScreen.storyboard */ = {
			isa = PBXVariantGroup;
			children = (
				A2DF4FDE266930C900E4412A /* Base */,
			);
			name = LaunchScreen.storyboard;
			sourceTree = "<group>";
		};
/* End PBXVariantGroup section */

/* Begin XCBuildConfiguration section */
		A2DF4FF7266930CA00E4412A /* Debug */ = {
			isa = XCBuildConfiguration;
			buildSettings = {
				ALWAYS_SEARCH_USER_PATHS = NO;
				CLANG_ANALYZER_NONNULL = YES;
				CLANG_ANALYZER_NUMBER_OBJECT_CONVERSION = YES_AGGRESSIVE;
				CLANG_CXX_LANGUAGE_STANDARD = "gnu++14";
				CLANG_CXX_LIBRARY = "libc++";
				CLANG_ENABLE_MODULES = YES;
				CLANG_ENABLE_OBJC_ARC = YES;
				CLANG_ENABLE_OBJC_WEAK = YES;
				CLANG_WARN_BLOCK_CAPTURE_AUTORELEASING = YES;
				CLANG_WARN_BOOL_CONVERSION = YES;
				CLANG_WARN_COMMA = YES;
				CLANG_WARN_CONSTANT_CONVERSION = YES;
				CLANG_WARN_DEPRECATED_OBJC_IMPLEMENTATIONS = YES;
				CLANG_WARN_DIRECT_OBJC_ISA_USAGE = YES_ERROR;
				CLANG_WARN_DOCUMENTATION_COMMENTS = YES;
				CLANG_WARN_EMPTY_BODY = YES;
				CLANG_WARN_ENUM_CONVERSION = YES;
				CLANG_WARN_INFINITE_RECURSION = YES;
				CLANG_WARN_INT_CONVERSION = YES;
				CLANG_WARN_NON_LITERAL_NULL_CONVERSION = YES;
				CLANG_WARN_OBJC_IMPLICIT_RETAIN_SELF = YES;
				CLANG_WARN_OBJC_LITERAL_CONVERSION = YES;
				CLANG_WARN_OBJC_ROOT_CLASS = YES_ERROR;
				CLANG_WARN_QUOTED_INCLUDE_IN_FRAMEWORK_HEADER = YES;
				CLANG_WARN_RANGE_LOOP_ANALYSIS = YES;
				CLANG_WARN_STRICT_PROTOTYPES = YES;
				CLANG_WARN_SUSPICIOUS_MOVE = YES;
				CLANG_WARN_UNGUARDED_AVAILABILITY = YES_AGGRESSIVE;
				CLANG_WARN_UNREACHABLE_CODE = YES;
				CLANG_WARN__DUPLICATE_METHOD_MATCH = YES;
				COPY_PHASE_STRIP = NO;
				DEBUG_INFORMATION_FORMAT = dwarf;
				ENABLE_STRICT_OBJC_MSGSEND = YES;
				ENABLE_TESTABILITY = YES;
				GCC_C_LANGUAGE_STANDARD = gnu11;
				GCC_DYNAMIC_NO_PIC = NO;
				GCC_NO_COMMON_BLOCKS = YES;
				GCC_OPTIMIZATION_LEVEL = 0;
				GCC_PREPROCESSOR_DEFINITIONS = (
					"DEBUG=1",
					"$(inherited)",
				);
				GCC_WARN_64_TO_32_BIT_CONVERSION = YES;
				GCC_WARN_ABOUT_RETURN_TYPE = YES_ERROR;
				GCC_WARN_UNDECLARED_SELECTOR = YES;
				GCC_WARN_UNINITIALIZED_AUTOS = YES_AGGRESSIVE;
				GCC_WARN_UNUSED_FUNCTION = YES;
				GCC_WARN_UNUSED_VARIABLE = YES;
				IPHONEOS_DEPLOYMENT_TARGET = 14.5;
				MTL_ENABLE_DEBUG_INFO = INCLUDE_SOURCE;
				MTL_FAST_MATH = YES;
				ONLY_ACTIVE_ARCH = YES;
				SDKROOT = iphoneos;
				SWIFT_ACTIVE_COMPILATION_CONDITIONS = DEBUG;
				SWIFT_OPTIMIZATION_LEVEL = "-Onone";
			};
			name = Debug;
		};
		A2DF4FF8266930CA00E4412A /* Release */ = {
			isa = XCBuildConfiguration;
			buildSettings = {
				ALWAYS_SEARCH_USER_PATHS = NO;
				CLANG_ANALYZER_NONNULL = YES;
				CLANG_ANALYZER_NUMBER_OBJECT_CONVERSION = YES_AGGRESSIVE;
				CLANG_CXX_LANGUAGE_STANDARD = "gnu++14";
				CLANG_CXX_LIBRARY = "libc++";
				CLANG_ENABLE_MODULES = YES;
				CLANG_ENABLE_OBJC_ARC = YES;
				CLANG_ENABLE_OBJC_WEAK = YES;
				CLANG_WARN_BLOCK_CAPTURE_AUTORELEASING = YES;
				CLANG_WARN_BOOL_CONVERSION = YES;
				CLANG_WARN_COMMA = YES;
				CLANG_WARN_CONSTANT_CONVERSION = YES;
				CLANG_WARN_DEPRECATED_OBJC_IMPLEMENTATIONS = YES;
				CLANG_WARN_DIRECT_OBJC_ISA_USAGE = YES_ERROR;
				CLANG_WARN_DOCUMENTATION_COMMENTS = YES;
				CLANG_WARN_EMPTY_BODY = YES;
				CLANG_WARN_ENUM_CONVERSION = YES;
				CLANG_WARN_INFINITE_RECURSION = YES;
				CLANG_WARN_INT_CONVERSION = YES;
				CLANG_WARN_NON_LITERAL_NULL_CONVERSION = YES;
				CLANG_WARN_OBJC_IMPLICIT_RETAIN_SELF = YES;
				CLANG_WARN_OBJC_LITERAL_CONVERSION = YES;
				CLANG_WARN_OBJC_ROOT_CLASS = YES_ERROR;
				CLANG_WARN_QUOTED_INCLUDE_IN_FRAMEWORK_HEADER = YES;
				CLANG_WARN_RANGE_LOOP_ANALYSIS = YES;
				CLANG_WARN_STRICT_PROTOTYPES = YES;
				CLANG_WARN_SUSPICIOUS_MOVE = YES;
				CLANG_WARN_UNGUARDED_AVAILABILITY = YES_AGGRESSIVE;
				CLANG_WARN_UNREACHABLE_CODE = YES;
				CLANG_WARN__DUPLICATE_METHOD_MATCH = YES;
				COPY_PHASE_STRIP = NO;
				DEBUG_INFORMATION_FORMAT = "dwarf-with-dsym";
				ENABLE_NS_ASSERTIONS = NO;
				ENABLE_STRICT_OBJC_MSGSEND = YES;
				GCC_C_LANGUAGE_STANDARD = gnu11;
				GCC_NO_COMMON_BLOCKS = YES;
				GCC_WARN_64_TO_32_BIT_CONVERSION = YES;
				GCC_WARN_ABOUT_RETURN_TYPE = YES_ERROR;
				GCC_WARN_UNDECLARED_SELECTOR = YES;
				GCC_WARN_UNINITIALIZED_AUTOS = YES_AGGRESSIVE;
				GCC_WARN_UNUSED_FUNCTION = YES;
				GCC_WARN_UNUSED_VARIABLE = YES;
				IPHONEOS_DEPLOYMENT_TARGET = 14.5;
				MTL_ENABLE_DEBUG_INFO = NO;
				MTL_FAST_MATH = YES;
				SDKROOT = iphoneos;
				SWIFT_COMPILATION_MODE = wholemodule;
				SWIFT_OPTIMIZATION_LEVEL = "-O";
				VALIDATE_PRODUCT = YES;
			};
			name = Release;
		};
		A2DF4FFA266930CA00E4412A /* Debug */ = {
			isa = XCBuildConfiguration;
			buildSettings = {
				ASSETCATALOG_COMPILER_APPICON_NAME = AppIcon;
				ASSETCATALOG_COMPILER_GLOBAL_ACCENT_COLOR_NAME = AccentColor;
				CODE_SIGN_STYLE = Automatic;
				INFOPLIST_FILE = TelegramClone/Info.plist;
				LD_RUNPATH_SEARCH_PATHS = (
					"$(inherited)",
					"@executable_path/Frameworks",
				);
				PRODUCT_BUNDLE_IDENTIFIER = com.taqado.TelegramClone;
				PRODUCT_NAME = "$(TARGET_NAME)";
				SWIFT_VERSION = 5.0;
				TARGETED_DEVICE_FAMILY = "1,2";
			};
			name = Debug;
		};
		A2DF4FFB266930CA00E4412A /* Release */ = {
			isa = XCBuildConfiguration;
			buildSettings = {
				ASSETCATALOG_COMPILER_APPICON_NAME = AppIcon;
				ASSETCATALOG_COMPILER_GLOBAL_ACCENT_COLOR_NAME = AccentColor;
				CODE_SIGN_STYLE = Automatic;
				INFOPLIST_FILE = TelegramClone/Info.plist;
				LD_RUNPATH_SEARCH_PATHS = (
					"$(inherited)",
					"@executable_path/Frameworks",
				);
				PRODUCT_BUNDLE_IDENTIFIER = com.taqado.TelegramClone;
				PRODUCT_NAME = "$(TARGET_NAME)";
				SWIFT_VERSION = 5.0;
				TARGETED_DEVICE_FAMILY = "1,2";
			};
			name = Release;
		};
		A2DF4FFD266930CA00E4412A /* Debug */ = {
			isa = XCBuildConfiguration;
			buildSettings = {
				ALWAYS_EMBED_SWIFT_STANDARD_LIBRARIES = YES;
				BUNDLE_LOADER = "$(TEST_HOST)";
				CODE_SIGN_STYLE = Automatic;
				INFOPLIST_FILE = TelegramCloneTests/Info.plist;
				IPHONEOS_DEPLOYMENT_TARGET = 14.5;
				LD_RUNPATH_SEARCH_PATHS = (
					"$(inherited)",
					"@executable_path/Frameworks",
					"@loader_path/Frameworks",
				);
				PRODUCT_BUNDLE_IDENTIFIER = com.taqado.TelegramCloneTests;
				PRODUCT_NAME = "$(TARGET_NAME)";
				SWIFT_VERSION = 5.0;
				TARGETED_DEVICE_FAMILY = "1,2";
				TEST_HOST = "$(BUILT_PRODUCTS_DIR)/TelegramClone.app/TelegramClone";
			};
			name = Debug;
		};
		A2DF4FFE266930CA00E4412A /* Release */ = {
			isa = XCBuildConfiguration;
			buildSettings = {
				ALWAYS_EMBED_SWIFT_STANDARD_LIBRARIES = YES;
				BUNDLE_LOADER = "$(TEST_HOST)";
				CODE_SIGN_STYLE = Automatic;
				INFOPLIST_FILE = TelegramCloneTests/Info.plist;
				IPHONEOS_DEPLOYMENT_TARGET = 14.5;
				LD_RUNPATH_SEARCH_PATHS = (
					"$(inherited)",
					"@executable_path/Frameworks",
					"@loader_path/Frameworks",
				);
				PRODUCT_BUNDLE_IDENTIFIER = com.taqado.TelegramCloneTests;
				PRODUCT_NAME = "$(TARGET_NAME)";
				SWIFT_VERSION = 5.0;
				TARGETED_DEVICE_FAMILY = "1,2";
				TEST_HOST = "$(BUILT_PRODUCTS_DIR)/TelegramClone.app/TelegramClone";
			};
			name = Release;
		};
		A2DF5000266930CA00E4412A /* Debug */ = {
			isa = XCBuildConfiguration;
			buildSettings = {
				ALWAYS_EMBED_SWIFT_STANDARD_LIBRARIES = YES;
				CODE_SIGN_STYLE = Automatic;
				INFOPLIST_FILE = TelegramCloneUITests/Info.plist;
				LD_RUNPATH_SEARCH_PATHS = (
					"$(inherited)",
					"@executable_path/Frameworks",
					"@loader_path/Frameworks",
				);
				PRODUCT_BUNDLE_IDENTIFIER = com.taqado.TelegramCloneUITests;
				PRODUCT_NAME = "$(TARGET_NAME)";
				SWIFT_VERSION = 5.0;
				TARGETED_DEVICE_FAMILY = "1,2";
				TEST_TARGET_NAME = TelegramClone;
			};
			name = Debug;
		};
		A2DF5001266930CA00E4412A /* Release */ = {
			isa = XCBuildConfiguration;
			buildSettings = {
				ALWAYS_EMBED_SWIFT_STANDARD_LIBRARIES = YES;
				CODE_SIGN_STYLE = Automatic;
				INFOPLIST_FILE = TelegramCloneUITests/Info.plist;
				LD_RUNPATH_SEARCH_PATHS = (
					"$(inherited)",
					"@executable_path/Frameworks",
					"@loader_path/Frameworks",
				);
				PRODUCT_BUNDLE_IDENTIFIER = com.taqado.TelegramCloneUITests;
				PRODUCT_NAME = "$(TARGET_NAME)";
				SWIFT_VERSION = 5.0;
				TARGETED_DEVICE_FAMILY = "1,2";
				TEST_TARGET_NAME = TelegramClone;
			};
			name = Release;
		};
/* End XCBuildConfiguration section */

/* Begin XCConfigurationList section */
		A2DF4FCA266930C900E4412A /* Build configuration list for PBXProject "TelegramClone" */ = {
			isa = XCConfigurationList;
			buildConfigurations = (
				A2DF4FF7266930CA00E4412A /* Debug */,
				A2DF4FF8266930CA00E4412A /* Release */,
			);
			defaultConfigurationIsVisible = 0;
			defaultConfigurationName = Release;
		};
		A2DF4FF9266930CA00E4412A /* Build configuration list for PBXNativeTarget "TelegramClone" */ = {
			isa = XCConfigurationList;
			buildConfigurations = (
				A2DF4FFA266930CA00E4412A /* Debug */,
				A2DF4FFB266930CA00E4412A /* Release */,
			);
			defaultConfigurationIsVisible = 0;
			defaultConfigurationName = Release;
		};
		A2DF4FFC266930CA00E4412A /* Build configuration list for PBXNativeTarget "TelegramCloneTests" */ = {
			isa = XCConfigurationList;
			buildConfigurations = (
				A2DF4FFD266930CA00E4412A /* Debug */,
				A2DF4FFE266930CA00E4412A /* Release */,
			);
			defaultConfigurationIsVisible = 0;
			defaultConfigurationName = Release;
		};
		A2DF4FFF266930CA00E4412A /* Build configuration list for PBXNativeTarget "TelegramCloneUITests" */ = {
			isa = XCConfigurationList;
			buildConfigurations = (
				A2DF5000266930CA00E4412A /* Debug */,
				A2DF5001266930CA00E4412A /* Release */,
			);
			defaultConfigurationIsVisible = 0;
			defaultConfigurationName = Release;
		};
/* End XCConfigurationList section */
	};
	rootObject = A2DF4FC7266930C900E4412A /* Project object */;
}
